{
  "originHash" : "66d65169b13741af88b2f9716431d231920b58dbda0d2c2a68a70423de3b14c4",
  "pins" : [
    {
      "identity" : "swift-trpc",
      "kind" : "remoteSourceControl",
      "location" : "https://github.com/swift-trpc/swift-trpc",
      "state" : {
        "branch" : "main",
        "revision" : "42a0e7466424dcc42c7cb26238137010706c2a46"
      }
    }
  ],
  "version" : 3
}
