{
  "originHash" : "66d65169b13741af88b2f9716431d231920b58dbda0d2c2a68a70423de3b14c4",
  "pins" : [
    {
      "identity" : "swift-trpc",
      "kind" : "remoteSourceControl",
      "location" : "https://github.com/swift-trpc/swift-trpc",
      "state" : {
        "branch" : "main",
        "revision" : "7c6c323e4eca9a7b48b4c3d2fa69b8cace7d1cf8"
      }
    }
  ],
  "version" : 3
}
